
Microsoft Visual Studio Solution File, Format Version 12.00
# Visual Studio 15
VisualStudioVersion = 15.0.28010.2016
MinimumVisualStudioVersion = 10.0.40219.1
Project("{FAE04EC0-301F-11D3-BF4B-00C04F79EFBC}") = "Ex12-Timer", "Ex12-Timer\Ex12-Timer.csproj", "{49C2C829-EDD8-4EFE-BCF2-7F5BD1D6EA9B}"
EndProject
Project("{FAE04EC0-301F-11D3-BF4B-00C04F79EFBC}") = "TimerTest", "TimerTest\TimerTest.csproj", "{ACDEE2BA-935E-4F16-913A-B4216D51104E}"
EndProject
Global
	GlobalSection(SolutionConfigurationPlatforms) = preSolution
		Debug|Any CPU = Debug|Any CPU
		Release|Any CPU = Release|Any CPU
	EndGlobalSection
	GlobalSection(ProjectConfigurationPlatforms) = postSolution
		{49C2C829-EDD8-4EFE-BCF2-7F5BD1D6EA9B}.Debug|Any CPU.ActiveCfg = Debug|Any CPU
		{49C2C829-EDD8-4EFE-BCF2-7F5BD1D6EA9B}.Debug|Any CPU.Build.0 = Debug|Any CPU
		{49C2C829-EDD8-4EFE-BCF2-7F5BD1D6EA9B}.Release|Any CPU.ActiveCfg = Release|Any CPU
		{49C2C829-EDD8-4EFE-BCF2-7F5BD1D6EA9B}.Release|Any CPU.Build.0 = Release|Any CPU
		{ACDEE2BA-935E-4F16-913A-B4216D51104E}.Debug|Any CPU.ActiveCfg = Debug|Any CPU
		{ACDEE2BA-935E-4F16-913A-B4216D51104E}.Debug|Any CPU.Build.0 = Debug|Any CPU
		{ACDEE2BA-935E-4F16-913A-B4216D51104E}.Release|Any CPU.ActiveCfg = Release|Any CPU
		{ACDEE2BA-935E-4F16-913A-B4216D51104E}.Release|Any CPU.Build.0 = Release|Any CPU
	EndGlobalSection
	GlobalSection(SolutionProperties) = preSolution
		HideSolutionNode = FALSE
	EndGlobalSection
	GlobalSection(ExtensibilityGlobals) = postSolution
		SolutionGuid = {1284F0A4-451A-45B1-9175-BDEF9BC688CF}
	EndGlobalSection
EndGlobal
